
Microsoft Visual Studio Solution File, Format Version 12.00
# Visual Studio Version 17
VisualStudioVersion = 17.0.31903.59
MinimumVisualStudioVersion = 10.0.40219.1
Project("{2150E333-8FDC-42A3-9474-1A3956D46DE8}") = "src", "src", "{827E0CD3-B72D-47B6-A68D-7590B98EB39B}"
EndProject
Project("{FAE04EC0-301F-11D3-BF4B-00C04F79EFBC}") = "FanSite4.Api", "src\FanSite4.Api\FanSite4.Api.csproj", "{C4C9D210-9EE9-40EF-B40B-6604EFEDB213}"
EndProject
Project("{FAE04EC0-301F-11D3-BF4B-00C04F79EFBC}") = "FanSite4.Domain", "src\FanSite4.Domain\FanSite4.Domain.csproj", "{70D90066-FF52-4374-B686-C917BF0F9BC6}"
EndProject
Project("{FAE04EC0-301F-11D3-BF4B-00C04F79EFBC}") = "FanSite4.Application", "src\FanSite4.Application\FanSite4.Application.csproj", "{7D1EC096-7F7D-4DF7-9FA8-212CCCBE264E}"
EndProject
Project("{FAE04EC0-301F-11D3-BF4B-00C04F79EFBC}") = "FanSite4.Infrastructure", "src\FanSite4.Infrastructure\FanSite4.Infrastructure.csproj", "{BDD9F367-4D92-474E-82C2-3E02FFE363CC}"
EndProject
Global
	GlobalSection(SolutionConfigurationPlatforms) = preSolution
		Debug|Any CPU = Debug|Any CPU
		Debug|x64 = Debug|x64
		Debug|x86 = Debug|x86
		Release|Any CPU = Release|Any CPU
		Release|x64 = Release|x64
		Release|x86 = Release|x86
	EndGlobalSection
	GlobalSection(ProjectConfigurationPlatforms) = postSolution
		{C4C9D210-9EE9-40EF-B40B-6604EFEDB213}.Debug|Any CPU.ActiveCfg = Debug|Any CPU
		{C4C9D210-9EE9-40EF-B40B-6604EFEDB213}.Debug|Any CPU.Build.0 = Debug|Any CPU
		{C4C9D210-9EE9-40EF-B40B-6604EFEDB213}.Debug|x64.ActiveCfg = Debug|Any CPU
		{C4C9D210-9EE9-40EF-B40B-6604EFEDB213}.Debug|x64.Build.0 = Debug|Any CPU
		{C4C9D210-9EE9-40EF-B40B-6604EFEDB213}.Debug|x86.ActiveCfg = Debug|Any CPU
		{C4C9D210-9EE9-40EF-B40B-6604EFEDB213}.Debug|x86.Build.0 = Debug|Any CPU
		{C4C9D210-9EE9-40EF-B40B-6604EFEDB213}.Release|Any CPU.ActiveCfg = Release|Any CPU
		{C4C9D210-9EE9-40EF-B40B-6604EFEDB213}.Release|Any CPU.Build.0 = Release|Any CPU
		{C4C9D210-9EE9-40EF-B40B-6604EFEDB213}.Release|x64.ActiveCfg = Release|Any CPU
		{C4C9D210-9EE9-40EF-B40B-6604EFEDB213}.Release|x64.Build.0 = Release|Any CPU
		{C4C9D210-9EE9-40EF-B40B-6604EFEDB213}.Release|x86.ActiveCfg = Release|Any CPU
		{C4C9D210-9EE9-40EF-B40B-6604EFEDB213}.Release|x86.Build.0 = Release|Any CPU
		{70D90066-FF52-4374-B686-C917BF0F9BC6}.Debug|Any CPU.ActiveCfg = Debug|Any CPU
		{70D90066-FF52-4374-B686-C917BF0F9BC6}.Debug|Any CPU.Build.0 = Debug|Any CPU
		{70D90066-FF52-4374-B686-C917BF0F9BC6}.Debug|x64.ActiveCfg = Debug|Any CPU
		{70D90066-FF52-4374-B686-C917BF0F9BC6}.Debug|x64.Build.0 = Debug|Any CPU
		{70D90066-FF52-4374-B686-C917BF0F9BC6}.Debug|x86.ActiveCfg = Debug|Any CPU
		{70D90066-FF52-4374-B686-C917BF0F9BC6}.Debug|x86.Build.0 = Debug|Any CPU
		{70D90066-FF52-4374-B686-C917BF0F9BC6}.Release|Any CPU.ActiveCfg = Release|Any CPU
		{70D90066-FF52-4374-B686-C917BF0F9BC6}.Release|Any CPU.Build.0 = Release|Any CPU
		{70D90066-FF52-4374-B686-C917BF0F9BC6}.Release|x64.ActiveCfg = Release|Any CPU
		{70D90066-FF52-4374-B686-C917BF0F9BC6}.Release|x64.Build.0 = Release|Any CPU
		{70D90066-FF52-4374-B686-C917BF0F9BC6}.Release|x86.ActiveCfg = Release|Any CPU
		{70D90066-FF52-4374-B686-C917BF0F9BC6}.Release|x86.Build.0 = Release|Any CPU
		{7D1EC096-7F7D-4DF7-9FA8-212CCCBE264E}.Debug|Any CPU.ActiveCfg = Debug|Any CPU
		{7D1EC096-7F7D-4DF7-9FA8-212CCCBE264E}.Debug|Any CPU.Build.0 = Debug|Any CPU
		{7D1EC096-7F7D-4DF7-9FA8-212CCCBE264E}.Debug|x64.ActiveCfg = Debug|Any CPU
		{7D1EC096-7F7D-4DF7-9FA8-212CCCBE264E}.Debug|x64.Build.0 = Debug|Any CPU
		{7D1EC096-7F7D-4DF7-9FA8-212CCCBE264E}.Debug|x86.ActiveCfg = Debug|Any CPU
		{7D1EC096-7F7D-4DF7-9FA8-212CCCBE264E}.Debug|x86.Build.0 = Debug|Any CPU
		{7D1EC096-7F7D-4DF7-9FA8-212CCCBE264E}.Release|Any CPU.ActiveCfg = Release|Any CPU
		{7D1EC096-7F7D-4DF7-9FA8-212CCCBE264E}.Release|Any CPU.Build.0 = Release|Any CPU
		{7D1EC096-7F7D-4DF7-9FA8-212CCCBE264E}.Release|x64.ActiveCfg = Release|Any CPU
		{7D1EC096-7F7D-4DF7-9FA8-212CCCBE264E}.Release|x64.Build.0 = Release|Any CPU
		{7D1EC096-7F7D-4DF7-9FA8-212CCCBE264E}.Release|x86.ActiveCfg = Release|Any CPU
		{7D1EC096-7F7D-4DF7-9FA8-212CCCBE264E}.Release|x86.Build.0 = Release|Any CPU
		{BDD9F367-4D92-474E-82C2-3E02FFE363CC}.Debug|Any CPU.ActiveCfg = Debug|Any CPU
		{BDD9F367-4D92-474E-82C2-3E02FFE363CC}.Debug|Any CPU.Build.0 = Debug|Any CPU
		{BDD9F367-4D92-474E-82C2-3E02FFE363CC}.Debug|x64.ActiveCfg = Debug|Any CPU
		{BDD9F367-4D92-474E-82C2-3E02FFE363CC}.Debug|x64.Build.0 = Debug|Any CPU
		{BDD9F367-4D92-474E-82C2-3E02FFE363CC}.Debug|x86.ActiveCfg = Debug|Any CPU
		{BDD9F367-4D92-474E-82C2-3E02FFE363CC}.Debug|x86.Build.0 = Debug|Any CPU
		{BDD9F367-4D92-474E-82C2-3E02FFE363CC}.Release|Any CPU.ActiveCfg = Release|Any CPU
		{BDD9F367-4D92-474E-82C2-3E02FFE363CC}.Release|Any CPU.Build.0 = Release|Any CPU
		{BDD9F367-4D92-474E-82C2-3E02FFE363CC}.Release|x64.ActiveCfg = Release|Any CPU
		{BDD9F367-4D92-474E-82C2-3E02FFE363CC}.Release|x64.Build.0 = Release|Any CPU
		{BDD9F367-4D92-474E-82C2-3E02FFE363CC}.Release|x86.ActiveCfg = Release|Any CPU
		{BDD9F367-4D92-474E-82C2-3E02FFE363CC}.Release|x86.Build.0 = Release|Any CPU
	EndGlobalSection
	GlobalSection(SolutionProperties) = preSolution
		HideSolutionNode = FALSE
	EndGlobalSection
	GlobalSection(NestedProjects) = preSolution
		{C4C9D210-9EE9-40EF-B40B-6604EFEDB213} = {827E0CD3-B72D-47B6-A68D-7590B98EB39B}
		{70D90066-FF52-4374-B686-C917BF0F9BC6} = {827E0CD3-B72D-47B6-A68D-7590B98EB39B}
		{7D1EC096-7F7D-4DF7-9FA8-212CCCBE264E} = {827E0CD3-B72D-47B6-A68D-7590B98EB39B}
		{BDD9F367-4D92-474E-82C2-3E02FFE363CC} = {827E0CD3-B72D-47B6-A68D-7590B98EB39B}
	EndGlobalSection
EndGlobal
